
Microsoft Visual Studio Solution File, Format Version 12.00
# Visual Studio 14
VisualStudioVersion = 14.0.25420.1
MinimumVisualStudioVersion = 10.0.40219.1
Project("{FAE04EC0-301F-11D3-BF4B-00C04F79EFBC}") = "Shorter.Api", "src\Shorter.Api\Shorter.Api.csproj", "{5DF2F856-3E77-407F-9661-50A9923E1265}"
EndProject
Project("{2150E333-8FDC-42A3-9474-1A3956D46DE8}") = "tests", "tests", "{CB634835-FD8C-49BE-8F3A-E5134F1124CD}"
EndProject
Project("{2150E333-8FDC-42A3-9474-1A3956D46DE8}") = "src", "src", "{0AE74B44-E1C1-48C5-80AE-15CCE58CC35D}"
EndProject
Project("{FAE04EC0-301F-11D3-BF4B-00C04F79EFBC}") = "Shorter.Api.Tests", "tests\Shorter.Api.Tests\Shorter.Api.Tests.csproj", "{37268DE9-63A1-4A81-9379-E10CE3327972}"
EndProject
Project("{FAE04EC0-301F-11D3-BF4B-00C04F79EFBC}") = "Shorter.Api.Selfhost", "src\Shorter.Api.Selfhost\Shorter.Api.Selfhost.csproj", "{CB7371CD-6275-4C7B-87F3-A1E99974554D}"
EndProject
Project("{FAE04EC0-301F-11D3-BF4B-00C04F79EFBC}") = "Shorter.Api.SystemWeb", "src\Shorter.Api.SystemWeb\Shorter.Api.SystemWeb.csproj", "{46CC54E4-A906-4E05-9A7D-8B713E33393B}"
EndProject
Project("{2150E333-8FDC-42A3-9474-1A3956D46DE8}") = "Hosts", "Hosts", "{B73BC70D-07C1-40DF-A6F6-0A1B4B35A1DD}"
EndProject
Project("{FAE04EC0-301F-11D3-BF4B-00C04F79EFBC}") = "Shorter.Data", "src\Shorter.Data\Shorter.Data.csproj", "{D6DA1B94-8A41-4A9F-981D-1C5CC0CF8C9B}"
EndProject
Project("{FAE04EC0-301F-11D3-BF4B-00C04F79EFBC}") = "Shorter.Data.Tests", "tests\Shorter.Data.Tests\Shorter.Data.Tests.csproj", "{786B0C5E-2534-4971-AD3D-C365A16828CA}"
EndProject
Project("{FAE04EC0-301F-11D3-BF4B-00C04F79EFBC}") = "Shorter.Api.Host", "src\Shorter.Api.Host\Shorter.Api.Host.csproj", "{E67D0EC9-0503-44D0-94C7-07BFAF4FC23F}"
EndProject
Project("{FAE04EC0-301F-11D3-BF4B-00C04F79EFBC}") = "Shorter.Api.Host.Tests", "tests\Shorter.Api.Host.Tests\Shorter.Api.Host.Tests.csproj", "{34289BD8-8038-4EC9-94D5-4CF49725B549}"
EndProject
Global
	GlobalSection(SolutionConfigurationPlatforms) = preSolution
		Debug|Any CPU = Debug|Any CPU
		Release|Any CPU = Release|Any CPU
	EndGlobalSection
	GlobalSection(ProjectConfigurationPlatforms) = postSolution
		{5DF2F856-3E77-407F-9661-50A9923E1265}.Debug|Any CPU.ActiveCfg = Debug|Any CPU
		{5DF2F856-3E77-407F-9661-50A9923E1265}.Debug|Any CPU.Build.0 = Debug|Any CPU
		{5DF2F856-3E77-407F-9661-50A9923E1265}.Release|Any CPU.ActiveCfg = Release|Any CPU
		{5DF2F856-3E77-407F-9661-50A9923E1265}.Release|Any CPU.Build.0 = Release|Any CPU
		{37268DE9-63A1-4A81-9379-E10CE3327972}.Debug|Any CPU.ActiveCfg = Debug|Any CPU
		{37268DE9-63A1-4A81-9379-E10CE3327972}.Debug|Any CPU.Build.0 = Debug|Any CPU
		{37268DE9-63A1-4A81-9379-E10CE3327972}.Release|Any CPU.ActiveCfg = Release|Any CPU
		{37268DE9-63A1-4A81-9379-E10CE3327972}.Release|Any CPU.Build.0 = Release|Any CPU
		{CB7371CD-6275-4C7B-87F3-A1E99974554D}.Debug|Any CPU.ActiveCfg = Debug|Any CPU
		{CB7371CD-6275-4C7B-87F3-A1E99974554D}.Debug|Any CPU.Build.0 = Debug|Any CPU
		{CB7371CD-6275-4C7B-87F3-A1E99974554D}.Release|Any CPU.ActiveCfg = Release|Any CPU
		{CB7371CD-6275-4C7B-87F3-A1E99974554D}.Release|Any CPU.Build.0 = Release|Any CPU
		{46CC54E4-A906-4E05-9A7D-8B713E33393B}.Debug|Any CPU.ActiveCfg = Debug|Any CPU
		{46CC54E4-A906-4E05-9A7D-8B713E33393B}.Debug|Any CPU.Build.0 = Debug|Any CPU
		{46CC54E4-A906-4E05-9A7D-8B713E33393B}.Release|Any CPU.ActiveCfg = Release|Any CPU
		{46CC54E4-A906-4E05-9A7D-8B713E33393B}.Release|Any CPU.Build.0 = Release|Any CPU
		{D6DA1B94-8A41-4A9F-981D-1C5CC0CF8C9B}.Debug|Any CPU.ActiveCfg = Debug|Any CPU
		{D6DA1B94-8A41-4A9F-981D-1C5CC0CF8C9B}.Debug|Any CPU.Build.0 = Debug|Any CPU
		{D6DA1B94-8A41-4A9F-981D-1C5CC0CF8C9B}.Release|Any CPU.ActiveCfg = Release|Any CPU
		{D6DA1B94-8A41-4A9F-981D-1C5CC0CF8C9B}.Release|Any CPU.Build.0 = Release|Any CPU
		{786B0C5E-2534-4971-AD3D-C365A16828CA}.Debug|Any CPU.ActiveCfg = Debug|Any CPU
		{786B0C5E-2534-4971-AD3D-C365A16828CA}.Debug|Any CPU.Build.0 = Debug|Any CPU
		{786B0C5E-2534-4971-AD3D-C365A16828CA}.Release|Any CPU.ActiveCfg = Release|Any CPU
		{786B0C5E-2534-4971-AD3D-C365A16828CA}.Release|Any CPU.Build.0 = Release|Any CPU
		{E67D0EC9-0503-44D0-94C7-07BFAF4FC23F}.Debug|Any CPU.ActiveCfg = Debug|Any CPU
		{E67D0EC9-0503-44D0-94C7-07BFAF4FC23F}.Debug|Any CPU.Build.0 = Debug|Any CPU
		{E67D0EC9-0503-44D0-94C7-07BFAF4FC23F}.Release|Any CPU.ActiveCfg = Release|Any CPU
		{E67D0EC9-0503-44D0-94C7-07BFAF4FC23F}.Release|Any CPU.Build.0 = Release|Any CPU
		{34289BD8-8038-4EC9-94D5-4CF49725B549}.Debug|Any CPU.ActiveCfg = Debug|Any CPU
		{34289BD8-8038-4EC9-94D5-4CF49725B549}.Debug|Any CPU.Build.0 = Debug|Any CPU
		{34289BD8-8038-4EC9-94D5-4CF49725B549}.Release|Any CPU.ActiveCfg = Release|Any CPU
		{34289BD8-8038-4EC9-94D5-4CF49725B549}.Release|Any CPU.Build.0 = Release|Any CPU
	EndGlobalSection
	GlobalSection(SolutionProperties) = preSolution
		HideSolutionNode = FALSE
	EndGlobalSection
	GlobalSection(NestedProjects) = preSolution
		{5DF2F856-3E77-407F-9661-50A9923E1265} = {0AE74B44-E1C1-48C5-80AE-15CCE58CC35D}
		{37268DE9-63A1-4A81-9379-E10CE3327972} = {CB634835-FD8C-49BE-8F3A-E5134F1124CD}
		{CB7371CD-6275-4C7B-87F3-A1E99974554D} = {B73BC70D-07C1-40DF-A6F6-0A1B4B35A1DD}
		{46CC54E4-A906-4E05-9A7D-8B713E33393B} = {B73BC70D-07C1-40DF-A6F6-0A1B4B35A1DD}
		{B73BC70D-07C1-40DF-A6F6-0A1B4B35A1DD} = {0AE74B44-E1C1-48C5-80AE-15CCE58CC35D}
		{D6DA1B94-8A41-4A9F-981D-1C5CC0CF8C9B} = {0AE74B44-E1C1-48C5-80AE-15CCE58CC35D}
		{786B0C5E-2534-4971-AD3D-C365A16828CA} = {CB634835-FD8C-49BE-8F3A-E5134F1124CD}
		{E67D0EC9-0503-44D0-94C7-07BFAF4FC23F} = {B73BC70D-07C1-40DF-A6F6-0A1B4B35A1DD}
		{34289BD8-8038-4EC9-94D5-4CF49725B549} = {CB634835-FD8C-49BE-8F3A-E5134F1124CD}
	EndGlobalSection
EndGlobal
